
Microsoft Visual Studio Solution File, Format Version 12.00
# Visual Studio Version 17
VisualStudioVersion = 17.6.33723.286
MinimumVisualStudioVersion = 10.0.40219.1
Project("{FAE04EC0-301F-11D3-BF4B-00C04F79EFBC}") = "DesafioCliente", "DesafioCliente\DesafioCliente.csproj", "{3BAD0C59-2353-4B55-B32C-1655E5070ECE}"
EndProject
Global
	GlobalSection(SolutionConfigurationPlatforms) = preSolution
		Debug|Any CPU = Debug|Any CPU
		Release|Any CPU = Release|Any CPU
	EndGlobalSection
	GlobalSection(ProjectConfigurationPlatforms) = postSolution
		{3BAD0C59-2353-4B55-B32C-1655E5070ECE}.Debug|Any CPU.ActiveCfg = Debug|Any CPU
		{3BAD0C59-2353-4B55-B32C-1655E5070ECE}.Debug|Any CPU.Build.0 = Debug|Any CPU
		{3BAD0C59-2353-4B55-B32C-1655E5070ECE}.Release|Any CPU.ActiveCfg = Release|Any CPU
		{3BAD0C59-2353-4B55-B32C-1655E5070ECE}.Release|Any CPU.Build.0 = Release|Any CPU
	EndGlobalSection
	GlobalSection(SolutionProperties) = preSolution
		HideSolutionNode = FALSE
	EndGlobalSection
	GlobalSection(ExtensibilityGlobals) = postSolution
		SolutionGuid = {3F6AC88F-AE2D-424E-875A-CFEE2A87B877}
	EndGlobalSection
EndGlobal
